
Microsoft Visual Studio Solution File, Format Version 12.00
# Visual Studio 15
Project("{FAE04EC0-301F-11D3-BF4B-00C04F79EFBC}") = "Assembly-CSharp", "Assembly-CSharp.csproj", "{87B907E5-34D4-4F90-84B7-EA0FE93038AF}"
EndProject
Project("{FAE04EC0-301F-11D3-BF4B-00C04F79EFBC}") = "Assembly-CSharp-Editor", "Assembly-CSharp-Editor.csproj", "{3741B575-EE94-670B-9DB1-EADF52B24D90}"
EndProject
Global
	GlobalSection(SolutionConfigurationPlatforms) = preSolution
		Debug|Any CPU = Debug|Any CPU
		Release|Any CPU = Release|Any CPU
	EndGlobalSection
	GlobalSection(ProjectConfigurationPlatforms) = postSolution
		{87B907E5-34D4-4F90-84B7-EA0FE93038AF}.Debug|Any CPU.ActiveCfg = Debug|Any CPU
		{87B907E5-34D4-4F90-84B7-EA0FE93038AF}.Debug|Any CPU.Build.0 = Debug|Any CPU
		{87B907E5-34D4-4F90-84B7-EA0FE93038AF}.Release|Any CPU.ActiveCfg = Release|Any CPU
		{87B907E5-34D4-4F90-84B7-EA0FE93038AF}.Release|Any CPU.Build.0 = Release|Any CPU
		{3741B575-EE94-670B-9DB1-EADF52B24D90}.Debug|Any CPU.ActiveCfg = Debug|Any CPU
		{3741B575-EE94-670B-9DB1-EADF52B24D90}.Debug|Any CPU.Build.0 = Debug|Any CPU
		{3741B575-EE94-670B-9DB1-EADF52B24D90}.Release|Any CPU.ActiveCfg = Release|Any CPU
		{3741B575-EE94-670B-9DB1-EADF52B24D90}.Release|Any CPU.Build.0 = Release|Any CPU
	EndGlobalSection
	GlobalSection(SolutionProperties) = preSolution
		HideSolutionNode = FALSE
	EndGlobalSection
	GlobalSection(MonoDevelopProperties) = preSolution
		StartupItem = Assembly-CSharp.csproj
	EndGlobalSection
EndGlobal
