
Microsoft Visual Studio Solution File, Format Version 12.00
# Visual Studio 15
Project("{FAE04EC0-301F-11D3-BF4B-00C04F79EFBC}") = "Assembly-CSharp", "Assembly-CSharp.csproj", "{F80A1C85-E3E4-7242-41E8-423897C2AEA8}"
EndProject
Project("{FAE04EC0-301F-11D3-BF4B-00C04F79EFBC}") = "Assembly-CSharp-Editor", "Assembly-CSharp-Editor.csproj", "{FD3F5C35-ED8F-BC3B-4899-4D00E7CAFB2E}"
EndProject
Global
	GlobalSection(SolutionConfigurationPlatforms) = preSolution
		Debug|Any CPU = Debug|Any CPU
		Release|Any CPU = Release|Any CPU
	EndGlobalSection
	GlobalSection(ProjectConfigurationPlatforms) = postSolution
		{F80A1C85-E3E4-7242-41E8-423897C2AEA8}.Debug|Any CPU.ActiveCfg = Debug|Any CPU
		{F80A1C85-E3E4-7242-41E8-423897C2AEA8}.Debug|Any CPU.Build.0 = Debug|Any CPU
		{F80A1C85-E3E4-7242-41E8-423897C2AEA8}.Release|Any CPU.ActiveCfg = Release|Any CPU
		{F80A1C85-E3E4-7242-41E8-423897C2AEA8}.Release|Any CPU.Build.0 = Release|Any CPU
		{FD3F5C35-ED8F-BC3B-4899-4D00E7CAFB2E}.Debug|Any CPU.ActiveCfg = Debug|Any CPU
		{FD3F5C35-ED8F-BC3B-4899-4D00E7CAFB2E}.Debug|Any CPU.Build.0 = Debug|Any CPU
		{FD3F5C35-ED8F-BC3B-4899-4D00E7CAFB2E}.Release|Any CPU.ActiveCfg = Release|Any CPU
		{FD3F5C35-ED8F-BC3B-4899-4D00E7CAFB2E}.Release|Any CPU.Build.0 = Release|Any CPU
	EndGlobalSection
	GlobalSection(SolutionProperties) = preSolution
		HideSolutionNode = FALSE
	EndGlobalSection
EndGlobal
